<?xml version="1.0" encoding="utf-8"?>
<Project ToolsVersion="4.0" xmlns="http://schemas.microsoft.com/developer/msbuild/2003">
  <ItemGroup>
    <Filter Include="소스 파일">
      <UniqueIdentifier>{4FC737F1-C7A5-4376-A066-2A32D752A2FF}</UniqueIdentifier>
      <Extensions>cpp;c;cc;cxx;c++;cppm;ixx;def;odl;idl;hpj;bat;asm;asmx</Extensions>
    </Filter>
    <Filter Include="헤더 파일">
      <UniqueIdentifier>{93995380-89BD-4b04-88EB-625FBE52EBFB}</UniqueIdentifier>
      <Extensions>h;hh;hpp;hxx;h++;hm;inl;inc;ipp;xsd</Extensions>
    </Filter>
    <Filter Include="리소스 파일">
      <UniqueIdentifier>{67DA6AB6-F800-4c08-8B7A-83BB121AAD01}</UniqueIdentifier>
      <Extensions>rc;ico;cur;bmp;dlg;rc2;rct;bin;rgs;gif;jpg;jpeg;jpe;resx;tiff;tif;png;wav;mfcribbon-ms</Extensions>
    </Filter>
    <Filter Include="소스 파일\BuildConfig">
      <UniqueIdentifier>{7b040354-f69d-4465-8dcd-2aeab58efc6d}</UniqueIdentifier>
    </Filter>
    <Filter Include="소스 파일\DBServer">
      <UniqueIdentifier>{fd88f372-fd0e-4f4f-b624-a9621b413002}</UniqueIdentifier>
    </Filter>
    <Filter Include="소스 파일\GoogleTest">
      <UniqueIdentifier>{91a3acd5-6191-4f78-84af-325886811455}</UniqueIdentifier>
    </Filter>
    <Filter Include="소스 파일\Include">
      <UniqueIdentifier>{e31b3abf-caeb-4a37-8730-e94388424d84}</UniqueIdentifier>
    </Filter>
    <Filter Include="소스 파일\Protocol">
      <UniqueIdentifier>{cd8909d6-e561-432c-abe4-15646d48bbbd}</UniqueIdentifier>
    </Filter>
    <Filter Include="소스 파일\ODBC">
      <UniqueIdentifier>{0b46fba5-b9b0-4053-8338-dfdec065f3fd}</UniqueIdentifier>
    </Filter>
    <Filter Include="소스 파일\Reflection">
      <UniqueIdentifier>{2bfc4aeb-9d31-41e4-9469-1d476c492477}</UniqueIdentifier>
    </Filter>
    <Filter Include="소스 파일\StoredProcedure">
      <UniqueIdentifier>{a55c817e-944c-4313-9d5f-859074087f48}</UniqueIdentifier>
    </Filter>
    <Filter Include="소스 파일\Types">
      <UniqueIdentifier>{f2850382-4bf4-46be-bb0e-f5a0d35c48bb}</UniqueIdentifier>
    </Filter>
  </ItemGroup>
  <ItemGroup>
    <ClCompile Include="main.cpp">
      <Filter>소스 파일</Filter>
    </ClCompile>
    <ClCompile Include="..\..\..\..\..\Desktop\Common\LanServer.cpp">
      <Filter>소스 파일\Include</Filter>
    </ClCompile>
    <ClCompile Include="..\..\..\..\..\Desktop\Common\LanServerSerializeBuf.cpp">
      <Filter>소스 파일\Include</Filter>
    </ClCompile>
    <ClCompile Include="..\..\..\..\..\Desktop\Common\Log.cpp">
      <Filter>소스 파일\Include</Filter>
    </ClCompile>
    <ClCompile Include="..\..\..\..\..\Desktop\Common\Parse.cpp">
      <Filter>소스 파일\Include</Filter>
    </ClCompile>
    <ClCompile Include="..\..\..\..\..\Desktop\Common\PreCompile.cpp">
      <Filter>소스 파일\Include</Filter>
    </ClCompile>
    <ClCompile Include="..\..\..\..\..\Desktop\Common\Ringbuffer.cpp">
      <Filter>소스 파일\Include</Filter>
    </ClCompile>
    <ClCompile Include="DBConnectorTest.cpp">
      <Filter>소스 파일\GoogleTest</Filter>
    </ClCompile>
    <ClCompile Include="GoogleTest.cpp">
      <Filter>소스 파일\GoogleTest</Filter>
    </ClCompile>
    <ClCompile Include="ReflectionTest.cpp">
      <Filter>소스 파일\GoogleTest</Filter>
    </ClCompile>
    <ClCompile Include="DBServer.cpp">
      <Filter>소스 파일\DBServer</Filter>
    </ClCompile>
    <ClCompile Include="PakcetHandler.cpp">
      <Filter>소스 파일\DBServer</Filter>
    </ClCompile>
    <ClCompile Include="ODBCConnector.cpp">
      <Filter>소스 파일\ODBC</Filter>
    </ClCompile>
    <ClCompile Include="ODBCMetaData.cpp">
      <Filter>소스 파일\ODBC</Filter>
    </ClCompile>
    <ClCompile Include="ODBCUtil.cpp">
      <Filter>소스 파일\ODBC</Filter>
    </ClCompile>
    <ClCompile Include="TypeInfo.cpp">
      <Filter>소스 파일\Reflection</Filter>
    </ClCompile>
  </ItemGroup>
  <ItemGroup>
    <ClInclude Include="Path.h">
      <Filter>헤더 파일</Filter>
    </ClInclude>
    <ClInclude Include="DBServerProtocol.h">
      <Filter>소스 파일\Include</Filter>
    </ClInclude>
    <ClInclude Include="..\..\DdingGameServer\RIO_Core\EnumType.h">
      <Filter>소스 파일\Include</Filter>
    </ClInclude>
    <ClInclude Include="Type.h">
      <Filter>소스 파일\Types</Filter>
    </ClInclude>
    <ClInclude Include="ProcedureType.h">
      <Filter>소스 파일\StoredProcedure</Filter>
    </ClInclude>
    <ClInclude Include="StoredProcedure.h">
      <Filter>소스 파일\StoredProcedure</Filter>
    </ClInclude>
    <ClInclude Include="GoogleTest.h">
      <Filter>소스 파일\GoogleTest</Filter>
    </ClInclude>
    <ClInclude Include="BuildConfg.h">
      <Filter>소스 파일\BuildConfig</Filter>
    </ClInclude>
    <ClInclude Include="DBServer.h">
      <Filter>소스 파일\DBServer</Filter>
    </ClInclude>
    <ClInclude Include="ODBCConnector.h">
      <Filter>소스 파일\ODBC</Filter>
    </ClInclude>
    <ClInclude Include="ODBCConst.h">
      <Filter>소스 파일\ODBC</Filter>
    </ClInclude>
    <ClInclude Include="ODBCMetaData.h">
      <Filter>소스 파일\ODBC</Filter>
    </ClInclude>
    <ClInclude Include="ODBCUtil.h">
      <Filter>소스 파일\ODBC</Filter>
    </ClInclude>
    <ClInclude Include="..\..\DdingGameServer\RIO_Core\Protocol.h">
      <Filter>소스 파일\Protocol</Filter>
    </ClInclude>
    <ClInclude Include="Property.h">
      <Filter>소스 파일\Reflection</Filter>
    </ClInclude>
    <ClInclude Include="PropertyMacro.h">
      <Filter>소스 파일\Reflection</Filter>
    </ClInclude>
    <ClInclude Include="Reflection.h">
      <Filter>소스 파일\Reflection</Filter>
    </ClInclude>
    <ClInclude Include="TypeInfo.h">
      <Filter>소스 파일\Reflection</Filter>
    </ClInclude>
    <ClInclude Include="TypeInfoMacro.h">
      <Filter>소스 파일\Reflection</Filter>
    </ClInclude>
  </ItemGroup>
</Project>